
Microsoft Visual Studio Solution File, Format Version 12.00
# Visual Studio Version 17
VisualStudioVersion = 17.5.33516.290
MinimumVisualStudioVersion = 10.0.40219.1
Project("{FAE04EC0-301F-11D3-BF4B-00C04F79EFBC}") = "la-mia-pizzeria-razor-layout", "la-mia-pizzeria-razor-layout\la-mia-pizzeria-razor-layout.csproj", "{04D30334-B4BF-40BC-B936-7C7093E9792F}"
EndProject
Project("{9A19103F-16F7-4668-BE54-9A1E7A4F7556}") = "la-mia-pizzeria-static", "la-mia-pizzeria-static\la-mia-pizzeria-static.csproj", "{781B565F-ABAC-418D-BE0D-06541577C77D}"
EndProject
Global
	GlobalSection(SolutionConfigurationPlatforms) = preSolution
		Debug|Any CPU = Debug|Any CPU
		Release|Any CPU = Release|Any CPU
	EndGlobalSection
	GlobalSection(ProjectConfigurationPlatforms) = postSolution
		{04D30334-B4BF-40BC-B936-7C7093E9792F}.Debug|Any CPU.ActiveCfg = Debug|Any CPU
		{04D30334-B4BF-40BC-B936-7C7093E9792F}.Debug|Any CPU.Build.0 = Debug|Any CPU
		{04D30334-B4BF-40BC-B936-7C7093E9792F}.Release|Any CPU.ActiveCfg = Release|Any CPU
		{04D30334-B4BF-40BC-B936-7C7093E9792F}.Release|Any CPU.Build.0 = Release|Any CPU
		{781B565F-ABAC-418D-BE0D-06541577C77D}.Debug|Any CPU.ActiveCfg = Debug|Any CPU
		{781B565F-ABAC-418D-BE0D-06541577C77D}.Debug|Any CPU.Build.0 = Debug|Any CPU
		{781B565F-ABAC-418D-BE0D-06541577C77D}.Release|Any CPU.ActiveCfg = Release|Any CPU
		{781B565F-ABAC-418D-BE0D-06541577C77D}.Release|Any CPU.Build.0 = Release|Any CPU
	EndGlobalSection
	GlobalSection(SolutionProperties) = preSolution
		HideSolutionNode = FALSE
	EndGlobalSection
	GlobalSection(ExtensibilityGlobals) = postSolution
		SolutionGuid = {1F61E85D-C005-486E-B08F-4043E1CFADC9}
	EndGlobalSection
EndGlobal
